
Microsoft Visual Studio Solution File, Format Version 12.00
# Visual Studio Version 17
VisualStudioVersion = 17.8.34511.84
MinimumVisualStudioVersion = 10.0.40219.1
Project("{FAE04EC0-301F-11D3-BF4B-00C04F79EFBC}") = "Sales_NET8.Web", "Sales_NET8.Web\Sales_NET8.Web.csproj", "{D811FE2C-5A09-4C9A-BF44-890D630FA5AF}"
EndProject
Global
	GlobalSection(SolutionConfigurationPlatforms) = preSolution
		Debug|Any CPU = Debug|Any CPU
		Release|Any CPU = Release|Any CPU
	EndGlobalSection
	GlobalSection(ProjectConfigurationPlatforms) = postSolution
		{D811FE2C-5A09-4C9A-BF44-890D630FA5AF}.Debug|Any CPU.ActiveCfg = Debug|Any CPU
		{D811FE2C-5A09-4C9A-BF44-890D630FA5AF}.Debug|Any CPU.Build.0 = Debug|Any CPU
		{D811FE2C-5A09-4C9A-BF44-890D630FA5AF}.Release|Any CPU.ActiveCfg = Release|Any CPU
		{D811FE2C-5A09-4C9A-BF44-890D630FA5AF}.Release|Any CPU.Build.0 = Release|Any CPU
	EndGlobalSection
	GlobalSection(SolutionProperties) = preSolution
		HideSolutionNode = FALSE
	EndGlobalSection
	GlobalSection(ExtensibilityGlobals) = postSolution
		SolutionGuid = {BC7F5FCD-14BC-43BD-A0D3-A13AC962B7F7}
	EndGlobalSection
EndGlobal
